
Microsoft Visual Studio Solution File, Format Version 12.00
# Visual Studio Version 16
VisualStudioVersion = 16.0.29728.190
MinimumVisualStudioVersion = 10.0.40219.1
Project("{9A19103F-16F7-4668-BE54-9A1E7A4F7556}") = "MVC_Test", "MVC_Test\MVC_Test.csproj", "{A71D8F8E-3FE6-44A6-A99B-191E2D82AC6B}"
EndProject
Project("{9A19103F-16F7-4668-BE54-9A1E7A4F7556}") = "Project.Services", "MVC.Services\Project.Services.csproj", "{EF934CEC-8486-4F66-B9CB-2715B82F0783}"
EndProject
Project("{FAE04EC0-301F-11D3-BF4B-00C04F79EFBC}") = "Project.Models", "MVC_Test.Models\Project.Models.csproj", "{13813F63-21CB-40B7-A462-2096FECF0AB5}"
EndProject
Global
	GlobalSection(SolutionConfigurationPlatforms) = preSolution
		Debug|Any CPU = Debug|Any CPU
		Release|Any CPU = Release|Any CPU
	EndGlobalSection
	GlobalSection(ProjectConfigurationPlatforms) = postSolution
		{A71D8F8E-3FE6-44A6-A99B-191E2D82AC6B}.Debug|Any CPU.ActiveCfg = Debug|Any CPU
		{A71D8F8E-3FE6-44A6-A99B-191E2D82AC6B}.Debug|Any CPU.Build.0 = Debug|Any CPU
		{A71D8F8E-3FE6-44A6-A99B-191E2D82AC6B}.Release|Any CPU.ActiveCfg = Release|Any CPU
		{A71D8F8E-3FE6-44A6-A99B-191E2D82AC6B}.Release|Any CPU.Build.0 = Release|Any CPU
		{EF934CEC-8486-4F66-B9CB-2715B82F0783}.Debug|Any CPU.ActiveCfg = Debug|Any CPU
		{EF934CEC-8486-4F66-B9CB-2715B82F0783}.Debug|Any CPU.Build.0 = Debug|Any CPU
		{EF934CEC-8486-4F66-B9CB-2715B82F0783}.Release|Any CPU.ActiveCfg = Release|Any CPU
		{EF934CEC-8486-4F66-B9CB-2715B82F0783}.Release|Any CPU.Build.0 = Release|Any CPU
		{13813F63-21CB-40B7-A462-2096FECF0AB5}.Debug|Any CPU.ActiveCfg = Debug|Any CPU
		{13813F63-21CB-40B7-A462-2096FECF0AB5}.Debug|Any CPU.Build.0 = Debug|Any CPU
		{13813F63-21CB-40B7-A462-2096FECF0AB5}.Release|Any CPU.ActiveCfg = Release|Any CPU
		{13813F63-21CB-40B7-A462-2096FECF0AB5}.Release|Any CPU.Build.0 = Release|Any CPU
	EndGlobalSection
	GlobalSection(SolutionProperties) = preSolution
		HideSolutionNode = FALSE
	EndGlobalSection
	GlobalSection(ExtensibilityGlobals) = postSolution
		SolutionGuid = {8D861DB1-CA07-4AC7-A45F-18C8C89AC327}
	EndGlobalSection
EndGlobal
